
Microsoft Visual Studio Solution File, Format Version 12.00
# Visual Studio 15
VisualStudioVersion = 15.0.28307.902
MinimumVisualStudioVersion = 10.0.40219.1
Project("{FAE04EC0-301F-11D3-BF4B-00C04F79EFBC}") = "GK2", "GK2\GK2.csproj", "{3E37ECC0-33B3-4CF6-91F0-57D31791A6E2}"
EndProject
Global
	GlobalSection(SolutionConfigurationPlatforms) = preSolution
		Debug|Any CPU = Debug|Any CPU
		Release|Any CPU = Release|Any CPU
	EndGlobalSection
	GlobalSection(ProjectConfigurationPlatforms) = postSolution
		{3E37ECC0-33B3-4CF6-91F0-57D31791A6E2}.Debug|Any CPU.ActiveCfg = Debug|Any CPU
		{3E37ECC0-33B3-4CF6-91F0-57D31791A6E2}.Debug|Any CPU.Build.0 = Debug|Any CPU
		{3E37ECC0-33B3-4CF6-91F0-57D31791A6E2}.Release|Any CPU.ActiveCfg = Release|Any CPU
		{3E37ECC0-33B3-4CF6-91F0-57D31791A6E2}.Release|Any CPU.Build.0 = Release|Any CPU
	EndGlobalSection
	GlobalSection(SolutionProperties) = preSolution
		HideSolutionNode = FALSE
	EndGlobalSection
	GlobalSection(ExtensibilityGlobals) = postSolution
		SolutionGuid = {74D42F7F-7651-45C2-9E0C-3C4993C92C0D}
	EndGlobalSection
EndGlobal
